PODS:
  - KSAdSDK (3.2.1)
  - MEAdvSDK (1.0.1):
    - Reachability
    - Realm (~> 4.4.1)
  - MEKSAdapter (1.0.1):
    - KSAdSDK (= 3.2.1)
    - MEAdvSDK (~> 1.0.1)
  - Reachability (3.2)
  - Realm (4.4.1):
    - Realm/Headers (= 4.4.1)
  - Realm/Headers (4.4.1)

DEPENDENCIES:
  - MEKSAdapter (from `../`)

SPEC REPOS:
  https://github.com/CocoaPods/Specs.git:
    - KSAdSDK
    - MEAdvSDK
    - Reachability
    - Realm

EXTERNAL SOURCES:
  MEKSAdapter:
    :path: "../"

SPEC CHECKSUMS:
  KSAdSDK: 2b27aa513f8efb41702761c980e74fd8ffa86016
  MEAdvSDK: c29b70b357e16a130bb31e26c680788765d4bb6f
  MEKSAdapter: 8398442accdeb36ab73d3b1636e35693893e5223
  Reachability: 33e18b67625424e47b6cde6d202dce689ad7af96
  Realm: 4eb04d7487bd43c0581256f40b424eafb711deff

PODFILE CHECKSUM: aa298350525e74e6786525c95f046d725e8ba17f

COCOAPODS: 1.9.3
